
Microsoft Visual Studio Solution File, Format Version 12.00
# Visual Studio 15
VisualStudioVersion = 15.0.28010.2046
MinimumVisualStudioVersion = 10.0.40219.1
Project("{FAE04EC0-301F-11D3-BF4B-00C04F79EFBC}") = "RadioMessageGenerator", "src\RadioMessageGenerator.csproj", "{23619351-37A2-4657-9AE5-BD967BF9D207}"
EndProject
Global
	GlobalSection(SolutionConfigurationPlatforms) = preSolution
		Debug|Any CPU = Debug|Any CPU
		Release|Any CPU = Release|Any CPU
	EndGlobalSection
	GlobalSection(ProjectConfigurationPlatforms) = postSolution
		{23619351-37A2-4657-9AE5-BD967BF9D207}.Debug|Any CPU.ActiveCfg = Debug|Any CPU
		{23619351-37A2-4657-9AE5-BD967BF9D207}.Debug|Any CPU.Build.0 = Debug|Any CPU
		{23619351-37A2-4657-9AE5-BD967BF9D207}.Release|Any CPU.ActiveCfg = Release|Any CPU
		{23619351-37A2-4657-9AE5-BD967BF9D207}.Release|Any CPU.Build.0 = Release|Any CPU
	EndGlobalSection
	GlobalSection(SolutionProperties) = preSolution
		HideSolutionNode = FALSE
	EndGlobalSection
	GlobalSection(ExtensibilityGlobals) = postSolution
		SolutionGuid = {269EC780-CBA1-4A90-BF1B-482A96604FEA}
	EndGlobalSection
EndGlobal
